
Microsoft Visual Studio Solution File, Format Version 12.00
# Visual Studio Version 16
VisualStudioVersion = 16.0.29709.97
MinimumVisualStudioVersion = 10.0.40219.1
Project("{FAE04EC0-301F-11D3-BF4B-00C04F79EFBC}") = "ParallelLab_4", "ParallelLab_4\ParallelLab_4.csproj", "{77A55C98-C9E5-48CA-B45A-8C384E32E211}"
EndProject
Global
	GlobalSection(SolutionConfigurationPlatforms) = preSolution
		Debug|Any CPU = Debug|Any CPU
		Release|Any CPU = Release|Any CPU
	EndGlobalSection
	GlobalSection(ProjectConfigurationPlatforms) = postSolution
		{77A55C98-C9E5-48CA-B45A-8C384E32E211}.Debug|Any CPU.ActiveCfg = Debug|Any CPU
		{77A55C98-C9E5-48CA-B45A-8C384E32E211}.Debug|Any CPU.Build.0 = Debug|Any CPU
		{77A55C98-C9E5-48CA-B45A-8C384E32E211}.Release|Any CPU.ActiveCfg = Release|Any CPU
		{77A55C98-C9E5-48CA-B45A-8C384E32E211}.Release|Any CPU.Build.0 = Release|Any CPU
	EndGlobalSection
	GlobalSection(SolutionProperties) = preSolution
		HideSolutionNode = FALSE
	EndGlobalSection
	GlobalSection(ExtensibilityGlobals) = postSolution
		SolutionGuid = {8F5B3A69-F448-4637-83A1-638FB308807E}
	EndGlobalSection
EndGlobal
